
Microsoft Visual Studio Solution File, Format Version 12.00
# Visual Studio Version 16
VisualStudioVersion = 16.0.31410.357
MinimumVisualStudioVersion = 10.0.40219.1
Project("{FAE04EC0-301F-11D3-BF4B-00C04F79EFBC}") = "Finexus Hackathon", "Finexus Hackathon.csproj", "{CA2FACBA-F8DB-467E-8217-29B60BCC868F}"
EndProject
Project("{FAE04EC0-301F-11D3-BF4B-00C04F79EFBC}") = "CoreDLL", "..\CoreDLL\CoreDLL.csproj", "{A5A60ED0-272A-4F69-81EE-869797B52EA0}"
EndProject
Global
	GlobalSection(SolutionConfigurationPlatforms) = preSolution
		Debug|Any CPU = Debug|Any CPU
		Release|Any CPU = Release|Any CPU
	EndGlobalSection
	GlobalSection(ProjectConfigurationPlatforms) = postSolution
		{CA2FACBA-F8DB-467E-8217-29B60BCC868F}.Debug|Any CPU.ActiveCfg = Debug|Any CPU
		{CA2FACBA-F8DB-467E-8217-29B60BCC868F}.Debug|Any CPU.Build.0 = Debug|Any CPU
		{CA2FACBA-F8DB-467E-8217-29B60BCC868F}.Release|Any CPU.ActiveCfg = Release|Any CPU
		{CA2FACBA-F8DB-467E-8217-29B60BCC868F}.Release|Any CPU.Build.0 = Release|Any CPU
		{A5A60ED0-272A-4F69-81EE-869797B52EA0}.Debug|Any CPU.ActiveCfg = Debug|Any CPU
		{A5A60ED0-272A-4F69-81EE-869797B52EA0}.Debug|Any CPU.Build.0 = Debug|Any CPU
		{A5A60ED0-272A-4F69-81EE-869797B52EA0}.Release|Any CPU.ActiveCfg = Release|Any CPU
		{A5A60ED0-272A-4F69-81EE-869797B52EA0}.Release|Any CPU.Build.0 = Release|Any CPU
	EndGlobalSection
	GlobalSection(SolutionProperties) = preSolution
		HideSolutionNode = FALSE
	EndGlobalSection
	GlobalSection(ExtensibilityGlobals) = postSolution
		SolutionGuid = {08CFFBCD-6DBE-4E31-8370-414262C8C036}
	EndGlobalSection
EndGlobal
